PODS:
  - AFNetworking (2.5.4):
    - AFNetworking/NSURLConnection (= 2.5.4)
    - AFNetworking/NSURLSession (= 2.5.4)
    - AFNetworking/Reachability (= 2.5.4)
    - AFNetworking/Security (= 2.5.4)
    - AFNetworking/Serialization (= 2.5.4)
    - AFNetworking/UIKit (= 2.5.4)
  - AFNetworking/NSURLConnection (2.5.4):
    - AFNetworking/Reachability
    - AFNetworking/Security
    - AFNetworking/Serialization
  - AFNetworking/NSURLSession (2.5.4):
    - AFNetworking/Reachability
    - AFNetworking/Security
    - AFNetworking/Serialization
  - AFNetworking/Reachability (2.5.4)
  - AFNetworking/Security (2.5.4)
  - AFNetworking/Serialization (2.5.4)
  - AFNetworking/UIKit (2.5.4):
    - AFNetworking/NSURLConnection
    - AFNetworking/NSURLSession
  - Bolts (1.1.5):
    - Bolts/AppLinks (= 1.1.5)
    - Bolts/Tasks (= 1.1.5)
  - Bolts/AppLinks (1.1.5):
    - Bolts/Tasks
  - Bolts/Tasks (1.1.5)
  - CocoaLumberjack (2.0.0):
    - CocoaLumberjack/Default (= 2.0.0)
    - CocoaLumberjack/Extensions (= 2.0.0)
  - CocoaLumberjack/Core (2.0.0)
  - CocoaLumberjack/Default (2.0.0):
    - CocoaLumberjack/Core
  - CocoaLumberjack/Extensions (2.0.0):
    - CocoaLumberjack/Default
  - Expecta (1.0.0)
  - FBSDKCoreKit (4.1.0):
    - Bolts (~> 1.1)
    - FBSDKCoreKit/arc (= 4.1.0)
    - FBSDKCoreKit/no-arc (= 4.1.0)
  - FBSDKCoreKit/arc (4.1.0):
    - Bolts (~> 1.1)
  - FBSDKCoreKit/no-arc (4.1.0):
    - Bolts (~> 1.1)
    - FBSDKCoreKit/arc
  - FBSDKLoginKit (4.1.0):
    - FBSDKCoreKit
  - ISO8601DateFormatter (0.7)
  - libextobjc (0.4.1):
    - libextobjc/EXTADT (= 0.4.1)
    - libextobjc/EXTConcreteProtocol (= 0.4.1)
    - libextobjc/EXTKeyPathCoding (= 0.4.1)
    - libextobjc/EXTNil (= 0.4.1)
    - libextobjc/EXTSafeCategory (= 0.4.1)
    - libextobjc/EXTScope (= 0.4.1)
    - libextobjc/EXTSelectorChecking (= 0.4.1)
    - libextobjc/EXTSynthesize (= 0.4.1)
    - libextobjc/NSInvocation+EXT (= 0.4.1)
    - libextobjc/NSMethodSignature+EXT (= 0.4.1)
    - libextobjc/RuntimeExtensions (= 0.4.1)
    - libextobjc/UmbrellaHeader (= 0.4.1)
  - libextobjc/EXTADT (0.4.1):
    - libextobjc/RuntimeExtensions
  - libextobjc/EXTConcreteProtocol (0.4.1):
    - libextobjc/RuntimeExtensions
  - libextobjc/EXTKeyPathCoding (0.4.1):
    - libextobjc/RuntimeExtensions
  - libextobjc/EXTNil (0.4.1):
    - libextobjc/RuntimeExtensions
  - libextobjc/EXTSafeCategory (0.4.1):
    - libextobjc/RuntimeExtensions
  - libextobjc/EXTScope (0.4.1):
    - libextobjc/RuntimeExtensions
  - libextobjc/EXTSelectorChecking (0.4.1):
    - libextobjc/RuntimeExtensions
  - libextobjc/EXTSynthesize (0.4.1):
    - libextobjc/RuntimeExtensions
  - libextobjc/NSInvocation+EXT (0.4.1):
    - libextobjc/RuntimeExtensions
  - libextobjc/NSMethodSignature+EXT (0.4.1):
    - libextobjc/RuntimeExtensions
  - libextobjc/RuntimeExtensions (0.4.1)
  - libextobjc/UmbrellaHeader (0.4.1)
  - Lock-Facebook (2.0.0):
    - CocoaLumberjack (~> 2.0)
    - FBSDKCoreKit (~> 4.0)
    - FBSDKLoginKit (~> 4.0)
    - Lock/Core (~> 1.11)
  - Lock/Core (1.12.0):
    - AFNetworking (~> 2.5)
    - CocoaLumberjack (~> 2.0.0-rc)
    - ISO8601DateFormatter (~> 0.7)
    - libextobjc (~> 0.4)
  - Specta (1.0.0)

DEPENDENCIES:
  - Expecta
  - Lock-Facebook (from `../`)
  - Specta

EXTERNAL SOURCES:
  Lock-Facebook:
    :path: "../"

SPEC CHECKSUMS:
  AFNetworking: 05edc0ac4c4c8cf57bcf4b84be5b0744b6d8e71e
  Bolts: aac24961496d504aa56fc267cde95162a71bac39
  CocoaLumberjack: a6f77d987d65dc7ba86b0f84db7d0b9084f77bcb
  Expecta: 32604574add2c46a36f8d2f716b6c5736eb75024
  FBSDKCoreKit: 469ed167195f860dbd2b4c4bbaa33d2e90598db9
  FBSDKLoginKit: ff6224762732e3698f30942e4544321b8c7a23e6
  ISO8601DateFormatter: ab926648eebe497f4d167c0fd083992f959f1274
  libextobjc: a650fc1bf489a3d3a9bc2e621efa3e1006fc5471
  Lock: ca0a339e418793d13842c4d901c7a5f8b698d87e
  Lock-Facebook: 6ef9b899e23ceea73a837bba440856424b8c6892
  Specta: 96fe05fe5c7348b5223f85e862904f6e832abb14

COCOAPODS: 0.37.1
