// !$*UTF8*$!
{
	archiveVersion = 1;
	classes = {
	};
	objectVersion = 46;
	objects = {

/* Begin PBXBuildFile section */
		442D001E8EC95F81AEEF512F /* Pods.framework in Frameworks */ = {isa = PBXBuildFile; fileRef = D127E6ABBD35C822BBBF1018 /* Pods.framework */; settings = {ATTRIBUTES = (Weak, ); }; };
		5F28A0CA1B86580200A2DC75 /* FacebookProvider.h in Headers */ = {isa = PBXBuildFile; fileRef = 5F28A0C81B86580200A2DC75 /* FacebookProvider.h */; };
		5F28A0CB1B86580200A2DC75 /* FacebookProvider.m in Sources */ = {isa = PBXBuildFile; fileRef = 5F28A0C91B86580200A2DC75 /* FacebookProvider.m */; };
		5F28A0CD1B865A1E00A2DC75 /* FacebookProviderSpec.m in Sources */ = {isa = PBXBuildFile; fileRef = 5F28A0CC1B865A1E00A2DC75 /* FacebookProviderSpec.m */; };
		5F28A0CF1B86A27000A2DC75 /* LogUtils.h in Headers */ = {isa = PBXBuildFile; fileRef = 5F28A0CE1B86A26900A2DC75 /* LogUtils.h */; settings = {ATTRIBUTES = (Private, ); }; };
		5F28A0D11B86A8B100A2DC75 /* A0FacebookAuthenticatorSpec.m in Sources */ = {isa = PBXBuildFile; fileRef = 5F28A0D01B86A8B100A2DC75 /* A0FacebookAuthenticatorSpec.m */; };
		5F5D92211B83FC5D00E1887B /* LockFacebook.h in Headers */ = {isa = PBXBuildFile; fileRef = 5F5D92201B83FC5D00E1887B /* LockFacebook.h */; settings = {ATTRIBUTES = (Public, ); }; };
		5F5D92271B83FC5D00E1887B /* LockFacebook.framework in Frameworks */ = {isa = PBXBuildFile; fileRef = 5F5D921B1B83FC5D00E1887B /* LockFacebook.framework */; };
		5F5D92401B84027F00E1887B /* main.m in Sources */ = {isa = PBXBuildFile; fileRef = 5F5D923F1B84027F00E1887B /* main.m */; };
		5F5D92431B84027F00E1887B /* AppDelegate.m in Sources */ = {isa = PBXBuildFile; fileRef = 5F5D92421B84027F00E1887B /* AppDelegate.m */; };
		5F5D92461B84027F00E1887B /* ViewController.m in Sources */ = {isa = PBXBuildFile; fileRef = 5F5D92451B84027F00E1887B /* ViewController.m */; };
		5F5D92491B84027F00E1887B /* Main.storyboard in Resources */ = {isa = PBXBuildFile; fileRef = 5F5D92471B84027F00E1887B /* Main.storyboard */; };
		5F5D924B1B84027F00E1887B /* Images.xcassets in Resources */ = {isa = PBXBuildFile; fileRef = 5F5D924A1B84027F00E1887B /* Images.xcassets */; };
		5F5D924E1B84027F00E1887B /* LaunchScreen.xib in Resources */ = {isa = PBXBuildFile; fileRef = 5F5D924C1B84027F00E1887B /* LaunchScreen.xib */; };
		5F5D92631B8407A900E1887B /* A0FacebookAuthenticator.h in Headers */ = {isa = PBXBuildFile; fileRef = 5F5D92611B8407A900E1887B /* A0FacebookAuthenticator.h */; settings = {ATTRIBUTES = (Public, ); }; };
		5F5D92641B8407A900E1887B /* A0FacebookAuthenticator.m in Sources */ = {isa = PBXBuildFile; fileRef = 5F5D92621B8407A900E1887B /* A0FacebookAuthenticator.m */; };
		5F7917C61B8541E900F2BAD9 /* LockFacebookProvider.m in Sources */ = {isa = PBXBuildFile; fileRef = 5F7917C51B8541E900F2BAD9 /* LockFacebookProvider.m */; };
		5F7917C91B8549C800F2BAD9 /* LockFacebook.framework in Frameworks */ = {isa = PBXBuildFile; fileRef = 5F5D921B1B83FC5D00E1887B /* LockFacebook.framework */; };
		A665FD0B7AC1035A10ACCD4E /* Pods_LockFacebookTests.framework in Frameworks */ = {isa = PBXBuildFile; fileRef = 35F6B7A4EE273DF27F6AC30E /* Pods_LockFacebookTests.framework */; settings = {ATTRIBUTES = (Weak, ); }; };
/* End PBXBuildFile section */

/* Begin PBXContainerItemProxy section */
		5F5D92281B83FC5D00E1887B /* PBXContainerItemProxy */ = {
			isa = PBXContainerItemProxy;
			containerPortal = 5F5D92121B83FC5D00E1887B /* Project object */;
			proxyType = 1;
			remoteGlobalIDString = 5F5D921A1B83FC5D00E1887B;
			remoteInfo = LockFacebook;
		};
/* End PBXContainerItemProxy section */

/* Begin PBXFileReference section */
		2FC9CB6B6FF2BFA12BA39B76 /* Pods-LockFacebookTests.debug.xcconfig */ = {isa = PBXFileReference; includeInIndex = 1; lastKnownFileType = text.xcconfig; name = "Pods-LockFacebookTests.debug.xcconfig"; path = "Pods/Target Support Files/Pods-LockFacebookTests/Pods-LockFacebookTests.debug.xcconfig"; sourceTree = "<group>"; };
		35F6B7A4EE273DF27F6AC30E /* Pods_LockFacebookTests.framework */ = {isa = PBXFileReference; explicitFileType = wrapper.framework; includeInIndex = 0; path = Pods_LockFacebookTests.framework; sourceTree = BUILT_PRODUCTS_DIR; };
		5F28A0C81B86580200A2DC75 /* FacebookProvider.h */ = {isa = PBXFileReference; fileEncoding = 4; lastKnownFileType = sourcecode.c.h; path = FacebookProvider.h; sourceTree = "<group>"; };
		5F28A0C91B86580200A2DC75 /* FacebookProvider.m */ = {isa = PBXFileReference; fileEncoding = 4; lastKnownFileType = sourcecode.c.objc; path = FacebookProvider.m; sourceTree = "<group>"; };
		5F28A0CC1B865A1E00A2DC75 /* FacebookProviderSpec.m */ = {isa = PBXFileReference; fileEncoding = 4; lastKnownFileType = sourcecode.c.objc; path = FacebookProviderSpec.m; sourceTree = "<group>"; };
		5F28A0CE1B86A26900A2DC75 /* LogUtils.h */ = {isa = PBXFileReference; lastKnownFileType = sourcecode.c.h; path = LogUtils.h; sourceTree = "<group>"; };
		5F28A0D01B86A8B100A2DC75 /* A0FacebookAuthenticatorSpec.m */ = {isa = PBXFileReference; fileEncoding = 4; lastKnownFileType = sourcecode.c.objc; path = A0FacebookAuthenticatorSpec.m; sourceTree = "<group>"; };
		5F5D921B1B83FC5D00E1887B /* LockFacebook.framework */ = {isa = PBXFileReference; explicitFileType = wrapper.framework; includeInIndex = 0; path = LockFacebook.framework; sourceTree = BUILT_PRODUCTS_DIR; };
		5F5D921F1B83FC5D00E1887B /* Info.plist */ = {isa = PBXFileReference; lastKnownFileType = text.plist.xml; path = Info.plist; sourceTree = "<group>"; };
		5F5D92201B83FC5D00E1887B /* LockFacebook.h */ = {isa = PBXFileReference; lastKnownFileType = sourcecode.c.h; path = LockFacebook.h; sourceTree = "<group>"; };
		5F5D92261B83FC5D00E1887B /* LockFacebookTests.xctest */ = {isa = PBXFileReference; explicitFileType = wrapper.cfbundle; includeInIndex = 0; path = LockFacebookTests.xctest; sourceTree = BUILT_PRODUCTS_DIR; };
		5F5D922C1B83FC5D00E1887B /* Info.plist */ = {isa = PBXFileReference; lastKnownFileType = text.plist.xml; path = Info.plist; sourceTree = "<group>"; };
		5F5D923B1B84027F00E1887B /* LockFacebookApp.app */ = {isa = PBXFileReference; explicitFileType = wrapper.application; includeInIndex = 0; path = LockFacebookApp.app; sourceTree = BUILT_PRODUCTS_DIR; };
		5F5D923E1B84027F00E1887B /* Info.plist */ = {isa = PBXFileReference; lastKnownFileType = text.plist.xml; path = Info.plist; sourceTree = "<group>"; };
		5F5D923F1B84027F00E1887B /* main.m */ = {isa = PBXFileReference; lastKnownFileType = sourcecode.c.objc; path = main.m; sourceTree = "<group>"; };
		5F5D92411B84027F00E1887B /* AppDelegate.h */ = {isa = PBXFileReference; lastKnownFileType = sourcecode.c.h; path = AppDelegate.h; sourceTree = "<group>"; };
		5F5D92421B84027F00E1887B /* AppDelegate.m */ = {isa = PBXFileReference; lastKnownFileType = sourcecode.c.objc; path = AppDelegate.m; sourceTree = "<group>"; };
		5F5D92441B84027F00E1887B /* ViewController.h */ = {isa = PBXFileReference; lastKnownFileType = sourcecode.c.h; path = ViewController.h; sourceTree = "<group>"; };
		5F5D92451B84027F00E1887B /* ViewController.m */ = {isa = PBXFileReference; lastKnownFileType = sourcecode.c.objc; path = ViewController.m; sourceTree = "<group>"; };
		5F5D92481B84027F00E1887B /* Base */ = {isa = PBXFileReference; lastKnownFileType = file.storyboard; name = Base; path = Base.lproj/Main.storyboard; sourceTree = "<group>"; };
		5F5D924A1B84027F00E1887B /* Images.xcassets */ = {isa = PBXFileReference; lastKnownFileType = folder.assetcatalog; path = Images.xcassets; sourceTree = "<group>"; };
		5F5D924D1B84027F00E1887B /* Base */ = {isa = PBXFileReference; lastKnownFileType = file.xib; name = Base; path = Base.lproj/LaunchScreen.xib; sourceTree = "<group>"; };
		5F5D92611B8407A900E1887B /* A0FacebookAuthenticator.h */ = {isa = PBXFileReference; fileEncoding = 4; lastKnownFileType = sourcecode.c.h; path = A0FacebookAuthenticator.h; sourceTree = "<group>"; };
		5F5D92621B8407A900E1887B /* A0FacebookAuthenticator.m */ = {isa = PBXFileReference; fileEncoding = 4; lastKnownFileType = sourcecode.c.objc; path = A0FacebookAuthenticator.m; sourceTree = "<group>"; };
		5F7917C41B8541E900F2BAD9 /* LockFacebookProvider.h */ = {isa = PBXFileReference; fileEncoding = 4; lastKnownFileType = sourcecode.c.h; path = LockFacebookProvider.h; sourceTree = "<group>"; };
		5F7917C51B8541E900F2BAD9 /* LockFacebookProvider.m */ = {isa = PBXFileReference; fileEncoding = 4; lastKnownFileType = sourcecode.c.objc; path = LockFacebookProvider.m; sourceTree = "<group>"; };
		A48413B80D5672C297FE02D8 /* Pods.debug.xcconfig */ = {isa = PBXFileReference; includeInIndex = 1; lastKnownFileType = text.xcconfig; name = Pods.debug.xcconfig; path = "Pods/Target Support Files/Pods/Pods.debug.xcconfig"; sourceTree = "<group>"; };
		D127E6ABBD35C822BBBF1018 /* Pods.framework */ = {isa = PBXFileReference; explicitFileType = wrapper.framework; includeInIndex = 0; path = Pods.framework; sourceTree = BUILT_PRODUCTS_DIR; };
		FF6CFE3CB03C73309D62AB07 /* Pods-LockFacebookTests.release.xcconfig */ = {isa = PBXFileReference; includeInIndex = 1; lastKnownFileType = text.xcconfig; name = "Pods-LockFacebookTests.release.xcconfig"; path = "Pods/Target Support Files/Pods-LockFacebookTests/Pods-LockFacebookTests.release.xcconfig"; sourceTree = "<group>"; };
		FFA6D73DFE19C5D9C2894C86 /* Pods.release.xcconfig */ = {isa = PBXFileReference; includeInIndex = 1; lastKnownFileType = text.xcconfig; name = Pods.release.xcconfig; path = "Pods/Target Support Files/Pods/Pods.release.xcconfig"; sourceTree = "<group>"; };
/* End PBXFileReference section */

/* Begin PBXFrameworksBuildPhase section */
		5F5D92171B83FC5D00E1887B /* Frameworks */ = {
			isa = PBXFrameworksBuildPhase;
			buildActionMask = 2147483647;
			files = (
				442D001E8EC95F81AEEF512F /* Pods.framework in Frameworks */,
			);
			runOnlyForDeploymentPostprocessing = 0;
		};
		5F5D92231B83FC5D00E1887B /* Frameworks */ = {
			isa = PBXFrameworksBuildPhase;
			buildActionMask = 2147483647;
			files = (
				5F5D92271B83FC5D00E1887B /* LockFacebook.framework in Frameworks */,
				A665FD0B7AC1035A10ACCD4E /* Pods_LockFacebookTests.framework in Frameworks */,
			);
			runOnlyForDeploymentPostprocessing = 0;
		};
		5F5D92381B84027F00E1887B /* Frameworks */ = {
			isa = PBXFrameworksBuildPhase;
			buildActionMask = 2147483647;
			files = (
				5F7917C91B8549C800F2BAD9 /* LockFacebook.framework in Frameworks */,
			);
			runOnlyForDeploymentPostprocessing = 0;
		};
/* End PBXFrameworksBuildPhase section */

/* Begin PBXGroup section */
		3FDCA7897F4CB1D7EBD1490E /* Pods */ = {
			isa = PBXGroup;
			children = (
				A48413B80D5672C297FE02D8 /* Pods.debug.xcconfig */,
				FFA6D73DFE19C5D9C2894C86 /* Pods.release.xcconfig */,
				2FC9CB6B6FF2BFA12BA39B76 /* Pods-LockFacebookTests.debug.xcconfig */,
				FF6CFE3CB03C73309D62AB07 /* Pods-LockFacebookTests.release.xcconfig */,
			);
			name = Pods;
			sourceTree = "<group>";
		};
		5F5D92111B83FC5D00E1887B = {
			isa = PBXGroup;
			children = (
				5F5D921D1B83FC5D00E1887B /* LockFacebook */,
				5F5D922A1B83FC5D00E1887B /* LockFacebookTests */,
				5F5D923C1B84027F00E1887B /* LockFacebookApp */,
				5F5D921C1B83FC5D00E1887B /* Products */,
				D67D5367DED9992DB02CD08A /* Frameworks */,
				3FDCA7897F4CB1D7EBD1490E /* Pods */,
			);
			sourceTree = "<group>";
		};
		5F5D921C1B83FC5D00E1887B /* Products */ = {
			isa = PBXGroup;
			children = (
				5F5D921B1B83FC5D00E1887B /* LockFacebook.framework */,
				5F5D92261B83FC5D00E1887B /* LockFacebookTests.xctest */,
				5F5D923B1B84027F00E1887B /* LockFacebookApp.app */,
			);
			name = Products;
			sourceTree = "<group>";
		};
		5F5D921D1B83FC5D00E1887B /* LockFacebook */ = {
			isa = PBXGroup;
			children = (
				5F5D92611B8407A900E1887B /* A0FacebookAuthenticator.h */,
				5F5D92621B8407A900E1887B /* A0FacebookAuthenticator.m */,
				5F5D92201B83FC5D00E1887B /* LockFacebook.h */,
				5F28A0C81B86580200A2DC75 /* FacebookProvider.h */,
				5F28A0C91B86580200A2DC75 /* FacebookProvider.m */,
				5F28A0CE1B86A26900A2DC75 /* LogUtils.h */,
				5F5D921E1B83FC5D00E1887B /* Supporting Files */,
			);
			path = LockFacebook;
			sourceTree = "<group>";
		};
		5F5D921E1B83FC5D00E1887B /* Supporting Files */ = {
			isa = PBXGroup;
			children = (
				5F5D921F1B83FC5D00E1887B /* Info.plist */,
			);
			name = "Supporting Files";
			sourceTree = "<group>";
		};
		5F5D922A1B83FC5D00E1887B /* LockFacebookTests */ = {
			isa = PBXGroup;
			children = (
				5F5D922B1B83FC5D00E1887B /* Supporting Files */,
				5F28A0CC1B865A1E00A2DC75 /* FacebookProviderSpec.m */,
				5F28A0D01B86A8B100A2DC75 /* A0FacebookAuthenticatorSpec.m */,
			);
			path = LockFacebookTests;
			sourceTree = "<group>";
		};
		5F5D922B1B83FC5D00E1887B /* Supporting Files */ = {
			isa = PBXGroup;
			children = (
				5F5D922C1B83FC5D00E1887B /* Info.plist */,
			);
			name = "Supporting Files";
			sourceTree = "<group>";
		};
		5F5D923C1B84027F00E1887B /* LockFacebookApp */ = {
			isa = PBXGroup;
			children = (
				5F5D92411B84027F00E1887B /* AppDelegate.h */,
				5F5D92421B84027F00E1887B /* AppDelegate.m */,
				5F5D92441B84027F00E1887B /* ViewController.h */,
				5F5D92451B84027F00E1887B /* ViewController.m */,
				5F5D92471B84027F00E1887B /* Main.storyboard */,
				5F5D924A1B84027F00E1887B /* Images.xcassets */,
				5F5D924C1B84027F00E1887B /* LaunchScreen.xib */,
				5F5D923D1B84027F00E1887B /* Supporting Files */,
				5F7917C41B8541E900F2BAD9 /* LockFacebookProvider.h */,
				5F7917C51B8541E900F2BAD9 /* LockFacebookProvider.m */,
			);
			path = LockFacebookApp;
			sourceTree = "<group>";
		};
		5F5D923D1B84027F00E1887B /* Supporting Files */ = {
			isa = PBXGroup;
			children = (
				5F5D923E1B84027F00E1887B /* Info.plist */,
				5F5D923F1B84027F00E1887B /* main.m */,
			);
			name = "Supporting Files";
			sourceTree = "<group>";
		};
		D67D5367DED9992DB02CD08A /* Frameworks */ = {
			isa = PBXGroup;
			children = (
				D127E6ABBD35C822BBBF1018 /* Pods.framework */,
				35F6B7A4EE273DF27F6AC30E /* Pods_LockFacebookTests.framework */,
			);
			name = Frameworks;
			sourceTree = "<group>";
		};
/* End PBXGroup section */

/* Begin PBXHeadersBuildPhase section */
		5F5D92181B83FC5D00E1887B /* Headers */ = {
			isa = PBXHeadersBuildPhase;
			buildActionMask = 2147483647;
			files = (
				5F5D92211B83FC5D00E1887B /* LockFacebook.h in Headers */,
				5F5D92631B8407A900E1887B /* A0FacebookAuthenticator.h in Headers */,
				5F28A0CA1B86580200A2DC75 /* FacebookProvider.h in Headers */,
				5F28A0CF1B86A27000A2DC75 /* LogUtils.h in Headers */,
			);
			runOnlyForDeploymentPostprocessing = 0;
		};
/* End PBXHeadersBuildPhase section */

/* Begin PBXNativeTarget section */
		5F5D921A1B83FC5D00E1887B /* LockFacebook */ = {
			isa = PBXNativeTarget;
			buildConfigurationList = 5F5D92311B83FC5D00E1887B /* Build configuration list for PBXNativeTarget "LockFacebook" */;
			buildPhases = (
				5F5D92161B83FC5D00E1887B /* Sources */,
				5F5D92171B83FC5D00E1887B /* Frameworks */,
				5F5D92181B83FC5D00E1887B /* Headers */,
				5F5D92191B83FC5D00E1887B /* Resources */,
			);
			buildRules = (
			);
			dependencies = (
			);
			name = LockFacebook;
			productName = LockFacebook;
			productReference = 5F5D921B1B83FC5D00E1887B /* LockFacebook.framework */;
			productType = "com.apple.product-type.framework";
		};
		5F5D92251B83FC5D00E1887B /* LockFacebookTests */ = {
			isa = PBXNativeTarget;
			buildConfigurationList = 5F5D92341B83FC5D00E1887B /* Build configuration list for PBXNativeTarget "LockFacebookTests" */;
			buildPhases = (
				FB0738D539C3F1331AC288EB /* Check Pods Manifest.lock */,
				5F5D92221B83FC5D00E1887B /* Sources */,
				5F5D92231B83FC5D00E1887B /* Frameworks */,
				5F5D92241B83FC5D00E1887B /* Resources */,
				5A1B9B3651FEDA26090B2EF6 /* Embed Pods Frameworks */,
				4D49814C92C79C374D660646 /* Copy Pods Resources */,
			);
			buildRules = (
			);
			dependencies = (
				5F5D92291B83FC5D00E1887B /* PBXTargetDependency */,
			);
			name = LockFacebookTests;
			productName = LockFacebookTests;
			productReference = 5F5D92261B83FC5D00E1887B /* LockFacebookTests.xctest */;
			productType = "com.apple.product-type.bundle.unit-test";
		};
		5F5D923A1B84027F00E1887B /* LockFacebookApp */ = {
			isa = PBXNativeTarget;
			buildConfigurationList = 5F5D925F1B84027F00E1887B /* Build configuration list for PBXNativeTarget "LockFacebookApp" */;
			buildPhases = (
				5F5D92371B84027F00E1887B /* Sources */,
				5F5D92381B84027F00E1887B /* Frameworks */,
				5F5D92391B84027F00E1887B /* Resources */,
			);
			buildRules = (
			);
			dependencies = (
			);
			name = LockFacebookApp;
			productName = LockFacebookApp;
			productReference = 5F5D923B1B84027F00E1887B /* LockFacebookApp.app */;
			productType = "com.apple.product-type.application";
		};
/* End PBXNativeTarget section */

/* Begin PBXProject section */
		5F5D92121B83FC5D00E1887B /* Project object */ = {
			isa = PBXProject;
			attributes = {
				LastUpgradeCheck = 0640;
				ORGANIZATIONNAME = Auth0;
				TargetAttributes = {
					5F5D921A1B83FC5D00E1887B = {
						CreatedOnToolsVersion = 6.4;
					};
					5F5D92251B83FC5D00E1887B = {
						CreatedOnToolsVersion = 6.4;
					};
					5F5D923A1B84027F00E1887B = {
						CreatedOnToolsVersion = 6.4;
					};
				};
			};
			buildConfigurationList = 5F5D92151B83FC5D00E1887B /* Build configuration list for PBXProject "LockFacebook" */;
			compatibilityVersion = "Xcode 3.2";
			developmentRegion = English;
			hasScannedForEncodings = 0;
			knownRegions = (
				en,
				Base,
			);
			mainGroup = 5F5D92111B83FC5D00E1887B;
			productRefGroup = 5F5D921C1B83FC5D00E1887B /* Products */;
			projectDirPath = "";
			projectRoot = "";
			targets = (
				5F5D921A1B83FC5D00E1887B /* LockFacebook */,
				5F5D92251B83FC5D00E1887B /* LockFacebookTests */,
				5F5D923A1B84027F00E1887B /* LockFacebookApp */,
			);
		};
/* End PBXProject section */

/* Begin PBXResourcesBuildPhase section */
		5F5D92191B83FC5D00E1887B /* Resources */ = {
			isa = PBXResourcesBuildPhase;
			buildActionMask = 2147483647;
			files = (
			);
			runOnlyForDeploymentPostprocessing = 0;
		};
		5F5D92241B83FC5D00E1887B /* Resources */ = {
			isa = PBXResourcesBuildPhase;
			buildActionMask = 2147483647;
			files = (
			);
			runOnlyForDeploymentPostprocessing = 0;
		};
		5F5D92391B84027F00E1887B /* Resources */ = {
			isa = PBXResourcesBuildPhase;
			buildActionMask = 2147483647;
			files = (
				5F5D92491B84027F00E1887B /* Main.storyboard in Resources */,
				5F5D924E1B84027F00E1887B /* LaunchScreen.xib in Resources */,
				5F5D924B1B84027F00E1887B /* Images.xcassets in Resources */,
			);
			runOnlyForDeploymentPostprocessing = 0;
		};
/* End PBXResourcesBuildPhase section */

/* Begin PBXShellScriptBuildPhase section */
		4D49814C92C79C374D660646 /* Copy Pods Resources */ = {
			isa = PBXShellScriptBuildPhase;
			buildActionMask = 2147483647;
			files = (
			);
			inputPaths = (
			);
			name = "Copy Pods Resources";
			outputPaths = (
			);
			runOnlyForDeploymentPostprocessing = 0;
			shellPath = /bin/sh;
			shellScript = "\"${SRCROOT}/Pods/Target Support Files/Pods-LockFacebookTests/Pods-LockFacebookTests-resources.sh\"\n";
			showEnvVarsInLog = 0;
		};
		5A1B9B3651FEDA26090B2EF6 /* Embed Pods Frameworks */ = {
			isa = PBXShellScriptBuildPhase;
			buildActionMask = 2147483647;
			files = (
			);
			inputPaths = (
			);
			name = "Embed Pods Frameworks";
			outputPaths = (
			);
			runOnlyForDeploymentPostprocessing = 0;
			shellPath = /bin/sh;
			shellScript = "\"${SRCROOT}/Pods/Target Support Files/Pods-LockFacebookTests/Pods-LockFacebookTests-frameworks.sh\"\n";
			showEnvVarsInLog = 0;
		};
		FB0738D539C3F1331AC288EB /* Check Pods Manifest.lock */ = {
			isa = PBXShellScriptBuildPhase;
			buildActionMask = 2147483647;
			files = (
			);
			inputPaths = (
			);
			name = "Check Pods Manifest.lock";
			outputPaths = (
			);
			runOnlyForDeploymentPostprocessing = 0;
			shellPath = /bin/sh;
			shellScript = "diff \"${PODS_ROOT}/../Podfile.lock\" \"${PODS_ROOT}/Manifest.lock\" > /dev/null\nif [[ $? != 0 ]] ; then\n    cat << EOM\nerror: The sandbox is not in sync with the Podfile.lock. Run 'pod install' or update your CocoaPods installation.\nEOM\n    exit 1\nfi\n";
			showEnvVarsInLog = 0;
		};
/* End PBXShellScriptBuildPhase section */

/* Begin PBXSourcesBuildPhase section */
		5F5D92161B83FC5D00E1887B /* Sources */ = {
			isa = PBXSourcesBuildPhase;
			buildActionMask = 2147483647;
			files = (
				5F5D92641B8407A900E1887B /* A0FacebookAuthenticator.m in Sources */,
				5F28A0CB1B86580200A2DC75 /* FacebookProvider.m in Sources */,
			);
			runOnlyForDeploymentPostprocessing = 0;
		};
		5F5D92221B83FC5D00E1887B /* Sources */ = {
			isa = PBXSourcesBuildPhase;
			buildActionMask = 2147483647;
			files = (
				5F28A0CD1B865A1E00A2DC75 /* FacebookProviderSpec.m in Sources */,
				5F28A0D11B86A8B100A2DC75 /* A0FacebookAuthenticatorSpec.m in Sources */,
			);
			runOnlyForDeploymentPostprocessing = 0;
		};
		5F5D92371B84027F00E1887B /* Sources */ = {
			isa = PBXSourcesBuildPhase;
			buildActionMask = 2147483647;
			files = (
				5F5D92461B84027F00E1887B /* ViewController.m in Sources */,
				5F5D92431B84027F00E1887B /* AppDelegate.m in Sources */,
				5F5D92401B84027F00E1887B /* main.m in Sources */,
				5F7917C61B8541E900F2BAD9 /* LockFacebookProvider.m in Sources */,
			);
			runOnlyForDeploymentPostprocessing = 0;
		};
/* End PBXSourcesBuildPhase section */

/* Begin PBXTargetDependency section */
		5F5D92291B83FC5D00E1887B /* PBXTargetDependency */ = {
			isa = PBXTargetDependency;
			target = 5F5D921A1B83FC5D00E1887B /* LockFacebook */;
			targetProxy = 5F5D92281B83FC5D00E1887B /* PBXContainerItemProxy */;
		};
/* End PBXTargetDependency section */

/* Begin PBXVariantGroup section */
		5F5D92471B84027F00E1887B /* Main.storyboard */ = {
			isa = PBXVariantGroup;
			children = (
				5F5D92481B84027F00E1887B /* Base */,
			);
			name = Main.storyboard;
			sourceTree = "<group>";
		};
		5F5D924C1B84027F00E1887B /* LaunchScreen.xib */ = {
			isa = PBXVariantGroup;
			children = (
				5F5D924D1B84027F00E1887B /* Base */,
			);
			name = LaunchScreen.xib;
			sourceTree = "<group>";
		};
/* End PBXVariantGroup section */

/* Begin XCBuildConfiguration section */
		5F5D922F1B83FC5D00E1887B /* Debug */ = {
			isa = XCBuildConfiguration;
			buildSettings = {
				ALWAYS_SEARCH_USER_PATHS = NO;
				CLANG_CXX_LANGUAGE_STANDARD = "gnu++0x";
				CLANG_CXX_LIBRARY = "libc++";
				CLANG_ENABLE_MODULES = YES;
				CLANG_ENABLE_OBJC_ARC = YES;
				CLANG_WARN_BOOL_CONVERSION = YES;
				CLANG_WARN_CONSTANT_CONVERSION = YES;
				CLANG_WARN_DIRECT_OBJC_ISA_USAGE = YES_ERROR;
				CLANG_WARN_EMPTY_BODY = YES;
				CLANG_WARN_ENUM_CONVERSION = YES;
				CLANG_WARN_INT_CONVERSION = YES;
				CLANG_WARN_OBJC_ROOT_CLASS = YES_ERROR;
				CLANG_WARN_UNREACHABLE_CODE = YES;
				CLANG_WARN__DUPLICATE_METHOD_MATCH = YES;
				"CODE_SIGN_IDENTITY[sdk=iphoneos*]" = "iPhone Developer";
				COPY_PHASE_STRIP = NO;
				CURRENT_PROJECT_VERSION = 1;
				DEBUG_INFORMATION_FORMAT = "dwarf-with-dsym";
				ENABLE_STRICT_OBJC_MSGSEND = YES;
				GCC_C_LANGUAGE_STANDARD = gnu99;
				GCC_DYNAMIC_NO_PIC = NO;
				GCC_NO_COMMON_BLOCKS = YES;
				GCC_OPTIMIZATION_LEVEL = 0;
				GCC_PREPROCESSOR_DEFINITIONS = (
					"DEBUG=1",
					"$(inherited)",
				);
				GCC_SYMBOLS_PRIVATE_EXTERN = NO;
				GCC_WARN_64_TO_32_BIT_CONVERSION = YES;
				GCC_WARN_ABOUT_RETURN_TYPE = YES_ERROR;
				GCC_WARN_UNDECLARED_SELECTOR = YES;
				GCC_WARN_UNINITIALIZED_AUTOS = YES_AGGRESSIVE;
				GCC_WARN_UNUSED_FUNCTION = YES;
				GCC_WARN_UNUSED_VARIABLE = YES;
				IPHONEOS_DEPLOYMENT_TARGET = 8.4;
				MTL_ENABLE_DEBUG_INFO = YES;
				ONLY_ACTIVE_ARCH = YES;
				SDKROOT = iphoneos;
				TARGETED_DEVICE_FAMILY = "1,2";
				VERSIONING_SYSTEM = "apple-generic";
				VERSION_INFO_PREFIX = "";
			};
			name = Debug;
		};
		5F5D92301B83FC5D00E1887B /* Release */ = {
			isa = XCBuildConfiguration;
			buildSettings = {
				ALWAYS_SEARCH_USER_PATHS = NO;
				CLANG_CXX_LANGUAGE_STANDARD = "gnu++0x";
				CLANG_CXX_LIBRARY = "libc++";
				CLANG_ENABLE_MODULES = YES;
				CLANG_ENABLE_OBJC_ARC = YES;
				CLANG_WARN_BOOL_CONVERSION = YES;
				CLANG_WARN_CONSTANT_CONVERSION = YES;
				CLANG_WARN_DIRECT_OBJC_ISA_USAGE = YES_ERROR;
				CLANG_WARN_EMPTY_BODY = YES;
				CLANG_WARN_ENUM_CONVERSION = YES;
				CLANG_WARN_INT_CONVERSION = YES;
				CLANG_WARN_OBJC_ROOT_CLASS = YES_ERROR;
				CLANG_WARN_UNREACHABLE_CODE = YES;
				CLANG_WARN__DUPLICATE_METHOD_MATCH = YES;
				"CODE_SIGN_IDENTITY[sdk=iphoneos*]" = "iPhone Developer";
				COPY_PHASE_STRIP = NO;
				CURRENT_PROJECT_VERSION = 1;
				DEBUG_INFORMATION_FORMAT = "dwarf-with-dsym";
				ENABLE_NS_ASSERTIONS = NO;
				ENABLE_STRICT_OBJC_MSGSEND = YES;
				GCC_C_LANGUAGE_STANDARD = gnu99;
				GCC_NO_COMMON_BLOCKS = YES;
				GCC_WARN_64_TO_32_BIT_CONVERSION = YES;
				GCC_WARN_ABOUT_RETURN_TYPE = YES_ERROR;
				GCC_WARN_UNDECLARED_SELECTOR = YES;
				GCC_WARN_UNINITIALIZED_AUTOS = YES_AGGRESSIVE;
				GCC_WARN_UNUSED_FUNCTION = YES;
				GCC_WARN_UNUSED_VARIABLE = YES;
				IPHONEOS_DEPLOYMENT_TARGET = 8.4;
				MTL_ENABLE_DEBUG_INFO = NO;
				SDKROOT = iphoneos;
				TARGETED_DEVICE_FAMILY = "1,2";
				VALIDATE_PRODUCT = YES;
				VERSIONING_SYSTEM = "apple-generic";
				VERSION_INFO_PREFIX = "";
			};
			name = Release;
		};
		5F5D92321B83FC5D00E1887B /* Debug */ = {
			isa = XCBuildConfiguration;
			baseConfigurationReference = A48413B80D5672C297FE02D8 /* Pods.debug.xcconfig */;
			buildSettings = {
				DEFINES_MODULE = YES;
				DYLIB_COMPATIBILITY_VERSION = 1;
				DYLIB_CURRENT_VERSION = 1;
				DYLIB_INSTALL_NAME_BASE = "@rpath";
				INFOPLIST_FILE = LockFacebook/Info.plist;
				INSTALL_PATH = "$(LOCAL_LIBRARY_DIR)/Frameworks";
				LD_RUNPATH_SEARCH_PATHS = "$(inherited) @executable_path/Frameworks @loader_path/Frameworks";
				PRODUCT_NAME = "$(TARGET_NAME)";
				SKIP_INSTALL = YES;
			};
			name = Debug;
		};
		5F5D92331B83FC5D00E1887B /* Release */ = {
			isa = XCBuildConfiguration;
			baseConfigurationReference = FFA6D73DFE19C5D9C2894C86 /* Pods.release.xcconfig */;
			buildSettings = {
				DEFINES_MODULE = YES;
				DYLIB_COMPATIBILITY_VERSION = 1;
				DYLIB_CURRENT_VERSION = 1;
				DYLIB_INSTALL_NAME_BASE = "@rpath";
				INFOPLIST_FILE = LockFacebook/Info.plist;
				INSTALL_PATH = "$(LOCAL_LIBRARY_DIR)/Frameworks";
				LD_RUNPATH_SEARCH_PATHS = "$(inherited) @executable_path/Frameworks @loader_path/Frameworks";
				PRODUCT_NAME = "$(TARGET_NAME)";
				SKIP_INSTALL = YES;
			};
			name = Release;
		};
		5F5D92351B83FC5D00E1887B /* Debug */ = {
			isa = XCBuildConfiguration;
			baseConfigurationReference = 2FC9CB6B6FF2BFA12BA39B76 /* Pods-LockFacebookTests.debug.xcconfig */;
			buildSettings = {
				FRAMEWORK_SEARCH_PATHS = (
					"$(SDKROOT)/Developer/Library/Frameworks",
					"$(inherited)",
				);
				GCC_PREPROCESSOR_DEFINITIONS = (
					"DEBUG=1",
					"$(inherited)",
				);
				INFOPLIST_FILE = LockFacebookTests/Info.plist;
				LD_RUNPATH_SEARCH_PATHS = "$(inherited) @executable_path/Frameworks @loader_path/Frameworks";
				PRODUCT_NAME = "$(TARGET_NAME)";
			};
			name = Debug;
		};
		5F5D92361B83FC5D00E1887B /* Release */ = {
			isa = XCBuildConfiguration;
			baseConfigurationReference = FF6CFE3CB03C73309D62AB07 /* Pods-LockFacebookTests.release.xcconfig */;
			buildSettings = {
				FRAMEWORK_SEARCH_PATHS = (
					"$(SDKROOT)/Developer/Library/Frameworks",
					"$(inherited)",
				);
				INFOPLIST_FILE = LockFacebookTests/Info.plist;
				LD_RUNPATH_SEARCH_PATHS = "$(inherited) @executable_path/Frameworks @loader_path/Frameworks";
				PRODUCT_NAME = "$(TARGET_NAME)";
			};
			name = Release;
		};
		5F5D925B1B84027F00E1887B /* Debug */ = {
			isa = XCBuildConfiguration;
			buildSettings = {
				ASSETCATALOG_COMPILER_APPICON_NAME = AppIcon;
				GCC_PREPROCESSOR_DEFINITIONS = (
					"DEBUG=1",
					"$(inherited)",
				);
				INFOPLIST_FILE = LockFacebookApp/Info.plist;
				LD_RUNPATH_SEARCH_PATHS = "$(inherited) @executable_path/Frameworks";
				PRODUCT_NAME = "$(TARGET_NAME)";
			};
			name = Debug;
		};
		5F5D925C1B84027F00E1887B /* Release */ = {
			isa = XCBuildConfiguration;
			buildSettings = {
				ASSETCATALOG_COMPILER_APPICON_NAME = AppIcon;
				INFOPLIST_FILE = LockFacebookApp/Info.plist;
				LD_RUNPATH_SEARCH_PATHS = "$(inherited) @executable_path/Frameworks";
				PRODUCT_NAME = "$(TARGET_NAME)";
			};
			name = Release;
		};
/* End XCBuildConfiguration section */

/* Begin XCConfigurationList section */
		5F5D92151B83FC5D00E1887B /* Build configuration list for PBXProject "LockFacebook" */ = {
			isa = XCConfigurationList;
			buildConfigurations = (
				5F5D922F1B83FC5D00E1887B /* Debug */,
				5F5D92301B83FC5D00E1887B /* Release */,
			);
			defaultConfigurationIsVisible = 0;
			defaultConfigurationName = Release;
		};
		5F5D92311B83FC5D00E1887B /* Build configuration list for PBXNativeTarget "LockFacebook" */ = {
			isa = XCConfigurationList;
			buildConfigurations = (
				5F5D92321B83FC5D00E1887B /* Debug */,
				5F5D92331B83FC5D00E1887B /* Release */,
			);
			defaultConfigurationIsVisible = 0;
			defaultConfigurationName = Release;
		};
		5F5D92341B83FC5D00E1887B /* Build configuration list for PBXNativeTarget "LockFacebookTests" */ = {
			isa = XCConfigurationList;
			buildConfigurations = (
				5F5D92351B83FC5D00E1887B /* Debug */,
				5F5D92361B83FC5D00E1887B /* Release */,
			);
			defaultConfigurationIsVisible = 0;
			defaultConfigurationName = Release;
		};
		5F5D925F1B84027F00E1887B /* Build configuration list for PBXNativeTarget "LockFacebookApp" */ = {
			isa = XCConfigurationList;
			buildConfigurations = (
				5F5D925B1B84027F00E1887B /* Debug */,
				5F5D925C1B84027F00E1887B /* Release */,
			);
			defaultConfigurationIsVisible = 0;
			defaultConfigurationName = Release;
		};
/* End XCConfigurationList section */
	};
	rootObject = 5F5D92121B83FC5D00E1887B /* Project object */;
}
